// !$*UTF8*$!
{
	archiveVersion = 1;
	classes = {
	};
	objectVersion = 77;
	objects = {

/* Begin PBXBuildFile section */
		73AA92202D361FB3002397F9 /* YOLO in Frameworks */ = {isa = PBXBuildFile; productRef = 73AA921F2D361FB3002397F9 /* YOLO */; };
/* End PBXBuildFile section */

/* Begin PBXContainerItemProxy section */
		73B031162D26B09F0003DB69 /* PBXContainerItemProxy */ = {
			isa = PBXContainerItemProxy;
			containerPortal = 73B030F72D26B09D0003DB69 /* Project object */;
			proxyType = 1;
			remoteGlobalIDString = 73B030FE2D26B09D0003DB69;
			remoteInfo = "YOLO-Single-Image-UIKit";
		};
		73B031202D26B09F0003DB69 /* PBXContainerItemProxy */ = {
			isa = PBXContainerItemProxy;
			containerPortal = 73B030F72D26B09D0003DB69 /* Project object */;
			proxyType = 1;
			remoteGlobalIDString = 73B030FE2D26B09D0003DB69;
			remoteInfo = "YOLO-Single-Image-UIKit";
		};
/* End PBXContainerItemProxy section */

/* Begin PBXFileReference section */
		73B030FF2D26B09D0003DB69 /* YOLO-Single-Image-UIKit.app */ = {isa = PBXFileReference; explicitFileType = wrapper.application; includeInIndex = 0; path = "YOLO-Single-Image-UIKit.app"; sourceTree = BUILT_PRODUCTS_DIR; };
		73B031152D26B09F0003DB69 /* YOLO-Single-Image-UIKitTests.xctest */ = {isa = PBXFileReference; explicitFileType = wrapper.cfbundle; includeInIndex = 0; path = "YOLO-Single-Image-UIKitTests.xctest"; sourceTree = BUILT_PRODUCTS_DIR; };
		73B0311F2D26B09F0003DB69 /* YOLO-Single-Image-UIKitUITests.xctest */ = {isa = PBXFileReference; explicitFileType = wrapper.cfbundle; includeInIndex = 0; path = "YOLO-Single-Image-UIKitUITests.xctest"; sourceTree = BUILT_PRODUCTS_DIR; };
/* End PBXFileReference section */

/* Begin PBXFileSystemSynchronizedBuildFileExceptionSet section */
		73B031272D26B09F0003DB69 /* Exceptions for "YOLO-Single-Image-UIKit" folder in "YOLO-Single-Image-UIKit" target */ = {
			isa = PBXFileSystemSynchronizedBuildFileExceptionSet;
			membershipExceptions = (
				Info.plist,
			);
			target = 73B030FE2D26B09D0003DB69 /* YOLO-Single-Image-UIKit */;
		};
/* End PBXFileSystemSynchronizedBuildFileExceptionSet section */

/* Begin PBXFileSystemSynchronizedRootGroup section */
		73B031012D26B09D0003DB69 /* YOLO-Single-Image-UIKit */ = {
			isa = PBXFileSystemSynchronizedRootGroup;
			exceptions = (
				73B031272D26B09F0003DB69 /* Exceptions for "YOLO-Single-Image-UIKit" folder in "YOLO-Single-Image-UIKit" target */,
			);
			path = "YOLO-Single-Image-UIKit";
			sourceTree = "<group>";
		};
		73B031182D26B09F0003DB69 /* YOLO-Single-Image-UIKitTests */ = {
			isa = PBXFileSystemSynchronizedRootGroup;
			path = "YOLO-Single-Image-UIKitTests";
			sourceTree = "<group>";
		};
		73B031222D26B09F0003DB69 /* YOLO-Single-Image-UIKitUITests */ = {
			isa = PBXFileSystemSynchronizedRootGroup;
			path = "YOLO-Single-Image-UIKitUITests";
			sourceTree = "<group>";
		};
/* End PBXFileSystemSynchronizedRootGroup section */

/* Begin PBXFrameworksBuildPhase section */
		73B030FC2D26B09D0003DB69 /* Frameworks */ = {
			isa = PBXFrameworksBuildPhase;
			buildActionMask = 2147483647;
			files = (
				73AA92202D361FB3002397F9 /* YOLO in Frameworks */,
			);
			runOnlyForDeploymentPostprocessing = 0;
		};
		73B031122D26B09F0003DB69 /* Frameworks */ = {
			isa = PBXFrameworksBuildPhase;
			buildActionMask = 2147483647;
			files = (
			);
			runOnlyForDeploymentPostprocessing = 0;
		};
		73B0311C2D26B09F0003DB69 /* Frameworks */ = {
			isa = PBXFrameworksBuildPhase;
			buildActionMask = 2147483647;
			files = (
			);
			runOnlyForDeploymentPostprocessing = 0;
		};
/* End PBXFrameworksBuildPhase section */

/* Begin PBXGroup section */
		73B030F62D26B09D0003DB69 = {
			isa = PBXGroup;
			children = (
				73B031012D26B09D0003DB69 /* YOLO-Single-Image-UIKit */,
				73B031182D26B09F0003DB69 /* YOLO-Single-Image-UIKitTests */,
				73B031222D26B09F0003DB69 /* YOLO-Single-Image-UIKitUITests */,
				73B031002D26B09D0003DB69 /* Products */,
			);
			sourceTree = "<group>";
		};
		73B031002D26B09D0003DB69 /* Products */ = {
			isa = PBXGroup;
			children = (
				73B030FF2D26B09D0003DB69 /* YOLO-Single-Image-UIKit.app */,
				73B031152D26B09F0003DB69 /* YOLO-Single-Image-UIKitTests.xctest */,
				73B0311F2D26B09F0003DB69 /* YOLO-Single-Image-UIKitUITests.xctest */,
			);
			name = Products;
			sourceTree = "<group>";
		};
/* End PBXGroup section */

/* Begin PBXNativeTarget section */
		73B030FE2D26B09D0003DB69 /* YOLO-Single-Image-UIKit */ = {
			isa = PBXNativeTarget;
			buildConfigurationList = 73B031282D26B09F0003DB69 /* Build configuration list for PBXNativeTarget "YOLO-Single-Image-UIKit" */;
			buildPhases = (
				73B030FB2D26B09D0003DB69 /* Sources */,
				73B030FC2D26B09D0003DB69 /* Frameworks */,
				73B030FD2D26B09D0003DB69 /* Resources */,
			);
			buildRules = (
			);
			dependencies = (
			);
			fileSystemSynchronizedGroups = (
				73B031012D26B09D0003DB69 /* YOLO-Single-Image-UIKit */,
			);
			name = "YOLO-Single-Image-UIKit";
			packageProductDependencies = (
				73AA921F2D361FB3002397F9 /* YOLO */,
			);
			productName = "YOLO-Single-Image-UIKit";
			productReference = 73B030FF2D26B09D0003DB69 /* YOLO-Single-Image-UIKit.app */;
			productType = "com.apple.product-type.application";
		};
		73B031142D26B09F0003DB69 /* YOLO-Single-Image-UIKitTests */ = {
			isa = PBXNativeTarget;
			buildConfigurationList = 73B0312D2D26B09F0003DB69 /* Build configuration list for PBXNativeTarget "YOLO-Single-Image-UIKitTests" */;
			buildPhases = (
				73B031112D26B09F0003DB69 /* Sources */,
				73B031122D26B09F0003DB69 /* Frameworks */,
				73B031132D26B09F0003DB69 /* Resources */,
			);
			buildRules = (
			);
			dependencies = (
				73B031172D26B09F0003DB69 /* PBXTargetDependency */,
			);
			fileSystemSynchronizedGroups = (
				73B031182D26B09F0003DB69 /* YOLO-Single-Image-UIKitTests */,
			);
			name = "YOLO-Single-Image-UIKitTests";
			packageProductDependencies = (
			);
			productName = "YOLO-Single-Image-UIKitTests";
			productReference = 73B031152D26B09F0003DB69 /* YOLO-Single-Image-UIKitTests.xctest */;
			productType = "com.apple.product-type.bundle.unit-test";
		};
		73B0311E2D26B09F0003DB69 /* YOLO-Single-Image-UIKitUITests */ = {
			isa = PBXNativeTarget;
			buildConfigurationList = 73B031302D26B09F0003DB69 /* Build configuration list for PBXNativeTarget "YOLO-Single-Image-UIKitUITests" */;
			buildPhases = (
				73B0311B2D26B09F0003DB69 /* Sources */,
				73B0311C2D26B09F0003DB69 /* Frameworks */,
				73B0311D2D26B09F0003DB69 /* Resources */,
			);
			buildRules = (
			);
			dependencies = (
				73B031212D26B09F0003DB69 /* PBXTargetDependency */,
			);
			fileSystemSynchronizedGroups = (
				73B031222D26B09F0003DB69 /* YOLO-Single-Image-UIKitUITests */,
			);
			name = "YOLO-Single-Image-UIKitUITests";
			packageProductDependencies = (
			);
			productName = "YOLO-Single-Image-UIKitUITests";
			productReference = 73B0311F2D26B09F0003DB69 /* YOLO-Single-Image-UIKitUITests.xctest */;
			productType = "com.apple.product-type.bundle.ui-testing";
		};
/* End PBXNativeTarget section */

/* Begin PBXProject section */
		73B030F72D26B09D0003DB69 /* Project object */ = {
			isa = PBXProject;
			attributes = {
				BuildIndependentTargetsInParallel = 1;
				LastSwiftUpdateCheck = 1620;
				LastUpgradeCheck = 1620;
				TargetAttributes = {
					73B030FE2D26B09D0003DB69 = {
						CreatedOnToolsVersion = 16.2;
					};
					73B031142D26B09F0003DB69 = {
						CreatedOnToolsVersion = 16.2;
						TestTargetID = 73B030FE2D26B09D0003DB69;
					};
					73B0311E2D26B09F0003DB69 = {
						CreatedOnToolsVersion = 16.2;
						TestTargetID = 73B030FE2D26B09D0003DB69;
					};
				};
			};
			buildConfigurationList = 73B030FA2D26B09D0003DB69 /* Build configuration list for PBXProject "YOLO-Single-Image-UIKit" */;
			developmentRegion = en;
			hasScannedForEncodings = 0;
			knownRegions = (
				en,
				Base,
			);
			mainGroup = 73B030F62D26B09D0003DB69;
			minimizedProjectReferenceProxies = 1;
			packageReferences = (
				73AA921E2D361FB3002397F9 /* XCLocalSwiftPackageReference "../../../yolo-ios-app" */,
			);
			preferredProjectObjectVersion = 77;
			productRefGroup = 73B031002D26B09D0003DB69 /* Products */;
			projectDirPath = "";
			projectRoot = "";
			targets = (
				73B030FE2D26B09D0003DB69 /* YOLO-Single-Image-UIKit */,
				73B031142D26B09F0003DB69 /* YOLO-Single-Image-UIKitTests */,
				73B0311E2D26B09F0003DB69 /* YOLO-Single-Image-UIKitUITests */,
			);
		};
/* End PBXProject section */

/* Begin PBXResourcesBuildPhase section */
		73B030FD2D26B09D0003DB69 /* Resources */ = {
			isa = PBXResourcesBuildPhase;
			buildActionMask = 2147483647;
			files = (
			);
			runOnlyForDeploymentPostprocessing = 0;
		};
		73B031132D26B09F0003DB69 /* Resources */ = {
			isa = PBXResourcesBuildPhase;
			buildActionMask = 2147483647;
			files = (
			);
			runOnlyForDeploymentPostprocessing = 0;
		};
		73B0311D2D26B09F0003DB69 /* Resources */ = {
			isa = PBXResourcesBuildPhase;
			buildActionMask = 2147483647;
			files = (
			);
			runOnlyForDeploymentPostprocessing = 0;
		};
/* End PBXResourcesBuildPhase section */

/* Begin PBXSourcesBuildPhase section */
		73B030FB2D26B09D0003DB69 /* Sources */ = {
			isa = PBXSourcesBuildPhase;
			buildActionMask = 2147483647;
			files = (
			);
			runOnlyForDeploymentPostprocessing = 0;
		};
		73B031112D26B09F0003DB69 /* Sources */ = {
			isa = PBXSourcesBuildPhase;
			buildActionMask = 2147483647;
			files = (
			);
			runOnlyForDeploymentPostprocessing = 0;
		};
		73B0311B2D26B09F0003DB69 /* Sources */ = {
			isa = PBXSourcesBuildPhase;
			buildActionMask = 2147483647;
			files = (
			);
			runOnlyForDeploymentPostprocessing = 0;
		};
/* End PBXSourcesBuildPhase section */

/* Begin PBXTargetDependency section */
		73B031172D26B09F0003DB69 /* PBXTargetDependency */ = {
			isa = PBXTargetDependency;
			target = 73B030FE2D26B09D0003DB69 /* YOLO-Single-Image-UIKit */;
			targetProxy = 73B031162D26B09F0003DB69 /* PBXContainerItemProxy */;
		};
		73B031212D26B09F0003DB69 /* PBXTargetDependency */ = {
			isa = PBXTargetDependency;
			target = 73B030FE2D26B09D0003DB69 /* YOLO-Single-Image-UIKit */;
			targetProxy = 73B031202D26B09F0003DB69 /* PBXContainerItemProxy */;
		};
/* End PBXTargetDependency section */

/* Begin XCBuildConfiguration section */
		73B031292D26B09F0003DB69 /* Debug */ = {
			isa = XCBuildConfiguration;
			buildSettings = {
				ASSETCATALOG_COMPILER_APPICON_NAME = AppIcon;
				ASSETCATALOG_COMPILER_GLOBAL_ACCENT_COLOR_NAME = AccentColor;
				CODE_SIGN_STYLE = Automatic;
				CURRENT_PROJECT_VERSION = 1;
				DEVELOPMENT_TEAM = 3MR4P6CL3X;
				GENERATE_INFOPLIST_FILE = YES;
				INFOPLIST_FILE = "YOLO-Single-Image-UIKit/Info.plist";
				INFOPLIST_KEY_UIApplicationSupportsIndirectInputEvents = YES;
				INFOPLIST_KEY_UILaunchStoryboardName = LaunchScreen;
				INFOPLIST_KEY_UIMainStoryboardFile = Main;
				INFOPLIST_KEY_UISupportedInterfaceOrientations_iPad = "UIInterfaceOrientationPortrait UIInterfaceOrientationPortraitUpsideDown UIInterfaceOrientationLandscapeLeft UIInterfaceOrientationLandscapeRight";
				INFOPLIST_KEY_UISupportedInterfaceOrientations_iPhone = "UIInterfaceOrientationPortrait UIInterfaceOrientationLandscapeLeft UIInterfaceOrientationLandscapeRight";
				IPHONEOS_DEPLOYMENT_TARGET = 16.6;
				LD_RUNPATH_SEARCH_PATHS = (
					"$(inherited)",
					"@executable_path/Frameworks",
				);
				MARKETING_VERSION = 1.0;
				PRODUCT_BUNDLE_IDENTIFIER = "app.com.YOLO-Single-Image-UIKit";
				PRODUCT_NAME = "$(TARGET_NAME)";
				SWIFT_EMIT_LOC_STRINGS = YES;
				SWIFT_VERSION = 5.0;
				TARGETED_DEVICE_FAMILY = "1,2";
			};
			name = Debug;
		};
		73B0312A2D26B09F0003DB69 /* Release */ = {
			isa = XCBuildConfiguration;
			buildSettings = {
				ASSETCATALOG_COMPILER_APPICON_NAME = AppIcon;
				ASSETCATALOG_COMPILER_GLOBAL_ACCENT_COLOR_NAME = AccentColor;
				CODE_SIGN_STYLE = Automatic;
				CURRENT_PROJECT_VERSION = 1;
				DEVELOPMENT_TEAM = 3MR4P6CL3X;
				GENERATE_INFOPLIST_FILE = YES;
				INFOPLIST_FILE = "YOLO-Single-Image-UIKit/Info.plist";
				INFOPLIST_KEY_UIApplicationSupportsIndirectInputEvents = YES;
				INFOPLIST_KEY_UILaunchStoryboardName = LaunchScreen;
				INFOPLIST_KEY_UIMainStoryboardFile = Main;
				INFOPLIST_KEY_UISupportedInterfaceOrientations_iPad = "UIInterfaceOrientationPortrait UIInterfaceOrientationPortraitUpsideDown UIInterfaceOrientationLandscapeLeft UIInterfaceOrientationLandscapeRight";
				INFOPLIST_KEY_UISupportedInterfaceOrientations_iPhone = "UIInterfaceOrientationPortrait UIInterfaceOrientationLandscapeLeft UIInterfaceOrientationLandscapeRight";
				IPHONEOS_DEPLOYMENT_TARGET = 16.6;
				LD_RUNPATH_SEARCH_PATHS = (
					"$(inherited)",
					"@executable_path/Frameworks",
				);
				MARKETING_VERSION = 1.0;
				PRODUCT_BUNDLE_IDENTIFIER = "app.com.YOLO-Single-Image-UIKit";
				PRODUCT_NAME = "$(TARGET_NAME)";
				SWIFT_EMIT_LOC_STRINGS = YES;
				SWIFT_VERSION = 5.0;
				TARGETED_DEVICE_FAMILY = "1,2";
			};
			name = Release;
		};
		73B0312B2D26B09F0003DB69 /* Debug */ = {
			isa = XCBuildConfiguration;
			buildSettings = {
				ALWAYS_SEARCH_USER_PATHS = NO;
				ASSETCATALOG_COMPILER_GENERATE_SWIFT_ASSET_SYMBOL_EXTENSIONS = YES;
				CLANG_ANALYZER_NONNULL = YES;
				CLANG_ANALYZER_NUMBER_OBJECT_CONVERSION = YES_AGGRESSIVE;
				CLANG_CXX_LANGUAGE_STANDARD = "gnu++20";
				CLANG_ENABLE_MODULES = YES;
				CLANG_ENABLE_OBJC_ARC = YES;
				CLANG_ENABLE_OBJC_WEAK = YES;
				CLANG_WARN_BLOCK_CAPTURE_AUTORELEASING = YES;
				CLANG_WARN_BOOL_CONVERSION = YES;
				CLANG_WARN_COMMA = YES;
				CLANG_WARN_CONSTANT_CONVERSION = YES;
				CLANG_WARN_DEPRECATED_OBJC_IMPLEMENTATIONS = YES;
				CLANG_WARN_DIRECT_OBJC_ISA_USAGE = YES_ERROR;
				CLANG_WARN_DOCUMENTATION_COMMENTS = YES;
				CLANG_WARN_EMPTY_BODY = YES;
				CLANG_WARN_ENUM_CONVERSION = YES;
				CLANG_WARN_INFINITE_RECURSION = YES;
				CLANG_WARN_INT_CONVERSION = YES;
				CLANG_WARN_NON_LITERAL_NULL_CONVERSION = YES;
				CLANG_WARN_OBJC_IMPLICIT_RETAIN_SELF = YES;
				CLANG_WARN_OBJC_LITERAL_CONVERSION = YES;
				CLANG_WARN_OBJC_ROOT_CLASS = YES_ERROR;
				CLANG_WARN_QUOTED_INCLUDE_IN_FRAMEWORK_HEADER = YES;
				CLANG_WARN_RANGE_LOOP_ANALYSIS = YES;
				CLANG_WARN_STRICT_PROTOTYPES = YES;
				CLANG_WARN_SUSPICIOUS_MOVE = YES;
				CLANG_WARN_UNGUARDED_AVAILABILITY = YES_AGGRESSIVE;
				CLANG_WARN_UNREACHABLE_CODE = YES;
				CLANG_WARN__DUPLICATE_METHOD_MATCH = YES;
				COPY_PHASE_STRIP = NO;
				DEBUG_INFORMATION_FORMAT = dwarf;
				ENABLE_STRICT_OBJC_MSGSEND = YES;
				ENABLE_TESTABILITY = YES;
				ENABLE_USER_SCRIPT_SANDBOXING = YES;
				GCC_C_LANGUAGE_STANDARD = gnu17;
				GCC_DYNAMIC_NO_PIC = NO;
				GCC_NO_COMMON_BLOCKS = YES;
				GCC_OPTIMIZATION_LEVEL = 0;
				GCC_PREPROCESSOR_DEFINITIONS = (
					"DEBUG=1",
					"$(inherited)",
				);
				GCC_WARN_64_TO_32_BIT_CONVERSION = YES;
				GCC_WARN_ABOUT_RETURN_TYPE = YES_ERROR;
				GCC_WARN_UNDECLARED_SELECTOR = YES;
				GCC_WARN_UNINITIALIZED_AUTOS = YES_AGGRESSIVE;
				GCC_WARN_UNUSED_FUNCTION = YES;
				GCC_WARN_UNUSED_VARIABLE = YES;
				IPHONEOS_DEPLOYMENT_TARGET = 18.2;
				LOCALIZATION_PREFERS_STRING_CATALOGS = YES;
				MTL_ENABLE_DEBUG_INFO = INCLUDE_SOURCE;
				MTL_FAST_MATH = YES;
				ONLY_ACTIVE_ARCH = YES;
				SDKROOT = iphoneos;
				SWIFT_ACTIVE_COMPILATION_CONDITIONS = "DEBUG $(inherited)";
				SWIFT_OPTIMIZATION_LEVEL = "-Onone";
			};
			name = Debug;
		};
		73B0312C2D26B09F0003DB69 /* Release */ = {
			isa = XCBuildConfiguration;
			buildSettings = {
				ALWAYS_SEARCH_USER_PATHS = NO;
				ASSETCATALOG_COMPILER_GENERATE_SWIFT_ASSET_SYMBOL_EXTENSIONS = YES;
				CLANG_ANALYZER_NONNULL = YES;
				CLANG_ANALYZER_NUMBER_OBJECT_CONVERSION = YES_AGGRESSIVE;
				CLANG_CXX_LANGUAGE_STANDARD = "gnu++20";
				CLANG_ENABLE_MODULES = YES;
				CLANG_ENABLE_OBJC_ARC = YES;
				CLANG_ENABLE_OBJC_WEAK = YES;
				CLANG_WARN_BLOCK_CAPTURE_AUTORELEASING = YES;
				CLANG_WARN_BOOL_CONVERSION = YES;
				CLANG_WARN_COMMA = YES;
				CLANG_WARN_CONSTANT_CONVERSION = YES;
				CLANG_WARN_DEPRECATED_OBJC_IMPLEMENTATIONS = YES;
				CLANG_WARN_DIRECT_OBJC_ISA_USAGE = YES_ERROR;
				CLANG_WARN_DOCUMENTATION_COMMENTS = YES;
				CLANG_WARN_EMPTY_BODY = YES;
				CLANG_WARN_ENUM_CONVERSION = YES;
				CLANG_WARN_INFINITE_RECURSION = YES;
				CLANG_WARN_INT_CONVERSION = YES;
				CLANG_WARN_NON_LITERAL_NULL_CONVERSION = YES;
				CLANG_WARN_OBJC_IMPLICIT_RETAIN_SELF = YES;
				CLANG_WARN_OBJC_LITERAL_CONVERSION = YES;
				CLANG_WARN_OBJC_ROOT_CLASS = YES_ERROR;
				CLANG_WARN_QUOTED_INCLUDE_IN_FRAMEWORK_HEADER = YES;
				CLANG_WARN_RANGE_LOOP_ANALYSIS = YES;
				CLANG_WARN_STRICT_PROTOTYPES = YES;
				CLANG_WARN_SUSPICIOUS_MOVE = YES;
				CLANG_WARN_UNGUARDED_AVAILABILITY = YES_AGGRESSIVE;
				CLANG_WARN_UNREACHABLE_CODE = YES;
				CLANG_WARN__DUPLICATE_METHOD_MATCH = YES;
				COPY_PHASE_STRIP = NO;
				DEBUG_INFORMATION_FORMAT = "dwarf-with-dsym";
				ENABLE_NS_ASSERTIONS = NO;
				ENABLE_STRICT_OBJC_MSGSEND = YES;
				ENABLE_USER_SCRIPT_SANDBOXING = YES;
				GCC_C_LANGUAGE_STANDARD = gnu17;
				GCC_NO_COMMON_BLOCKS = YES;
				GCC_WARN_64_TO_32_BIT_CONVERSION = YES;
				GCC_WARN_ABOUT_RETURN_TYPE = YES_ERROR;
				GCC_WARN_UNDECLARED_SELECTOR = YES;
				GCC_WARN_UNINITIALIZED_AUTOS = YES_AGGRESSIVE;
				GCC_WARN_UNUSED_FUNCTION = YES;
				GCC_WARN_UNUSED_VARIABLE = YES;
				IPHONEOS_DEPLOYMENT_TARGET = 18.2;
				LOCALIZATION_PREFERS_STRING_CATALOGS = YES;
				MTL_ENABLE_DEBUG_INFO = NO;
				MTL_FAST_MATH = YES;
				SDKROOT = iphoneos;
				SWIFT_COMPILATION_MODE = wholemodule;
				VALIDATE_PRODUCT = YES;
			};
			name = Release;
		};
		73B0312E2D26B09F0003DB69 /* Debug */ = {
			isa = XCBuildConfiguration;
			buildSettings = {
				BUNDLE_LOADER = "$(TEST_HOST)";
				CODE_SIGN_STYLE = Automatic;
				CURRENT_PROJECT_VERSION = 1;
				DEVELOPMENT_TEAM = 3MR4P6CL3X;
				GENERATE_INFOPLIST_FILE = YES;
				IPHONEOS_DEPLOYMENT_TARGET = 18.2;
				MARKETING_VERSION = 1.0;
				PRODUCT_BUNDLE_IDENTIFIER = "app.com.YOLO-Single-Image-UIKitTests";
				PRODUCT_NAME = "$(TARGET_NAME)";
				SWIFT_EMIT_LOC_STRINGS = NO;
				SWIFT_VERSION = 5.0;
				TARGETED_DEVICE_FAMILY = "1,2";
				TEST_HOST = "$(BUILT_PRODUCTS_DIR)/YOLO-Single-Image-UIKit.app/$(BUNDLE_EXECUTABLE_FOLDER_PATH)/YOLO-Single-Image-UIKit";
			};
			name = Debug;
		};
		73B0312F2D26B09F0003DB69 /* Release */ = {
			isa = XCBuildConfiguration;
			buildSettings = {
				BUNDLE_LOADER = "$(TEST_HOST)";
				CODE_SIGN_STYLE = Automatic;
				CURRENT_PROJECT_VERSION = 1;
				DEVELOPMENT_TEAM = 3MR4P6CL3X;
				GENERATE_INFOPLIST_FILE = YES;
				IPHONEOS_DEPLOYMENT_TARGET = 18.2;
				MARKETING_VERSION = 1.0;
				PRODUCT_BUNDLE_IDENTIFIER = "app.com.YOLO-Single-Image-UIKitTests";
				PRODUCT_NAME = "$(TARGET_NAME)";
				SWIFT_EMIT_LOC_STRINGS = NO;
				SWIFT_VERSION = 5.0;
				TARGETED_DEVICE_FAMILY = "1,2";
				TEST_HOST = "$(BUILT_PRODUCTS_DIR)/YOLO-Single-Image-UIKit.app/$(BUNDLE_EXECUTABLE_FOLDER_PATH)/YOLO-Single-Image-UIKit";
			};
			name = Release;
		};
		73B031312D26B09F0003DB69 /* Debug */ = {
			isa = XCBuildConfiguration;
			buildSettings = {
				CODE_SIGN_STYLE = Automatic;
				CURRENT_PROJECT_VERSION = 1;
				DEVELOPMENT_TEAM = 3MR4P6CL3X;
				GENERATE_INFOPLIST_FILE = YES;
				MARKETING_VERSION = 1.0;
				PRODUCT_BUNDLE_IDENTIFIER = "app.com.YOLO-Single-Image-UIKitUITests";
				PRODUCT_NAME = "$(TARGET_NAME)";
				SWIFT_EMIT_LOC_STRINGS = NO;
				SWIFT_VERSION = 5.0;
				TARGETED_DEVICE_FAMILY = "1,2";
				TEST_TARGET_NAME = "YOLO-Single-Image-UIKit";
			};
			name = Debug;
		};
		73B031322D26B09F0003DB69 /* Release */ = {
			isa = XCBuildConfiguration;
			buildSettings = {
				CODE_SIGN_STYLE = Automatic;
				CURRENT_PROJECT_VERSION = 1;
				DEVELOPMENT_TEAM = 3MR4P6CL3X;
				GENERATE_INFOPLIST_FILE = YES;
				MARKETING_VERSION = 1.0;
				PRODUCT_BUNDLE_IDENTIFIER = "app.com.YOLO-Single-Image-UIKitUITests";
				PRODUCT_NAME = "$(TARGET_NAME)";
				SWIFT_EMIT_LOC_STRINGS = NO;
				SWIFT_VERSION = 5.0;
				TARGETED_DEVICE_FAMILY = "1,2";
				TEST_TARGET_NAME = "YOLO-Single-Image-UIKit";
			};
			name = Release;
		};
/* End XCBuildConfiguration section */

/* Begin XCConfigurationList section */
		73B030FA2D26B09D0003DB69 /* Build configuration list for PBXProject "YOLO-Single-Image-UIKit" */ = {
			isa = XCConfigurationList;
			buildConfigurations = (
				73B0312B2D26B09F0003DB69 /* Debug */,
				73B0312C2D26B09F0003DB69 /* Release */,
			);
			defaultConfigurationIsVisible = 0;
			defaultConfigurationName = Release;
		};
		73B031282D26B09F0003DB69 /* Build configuration list for PBXNativeTarget "YOLO-Single-Image-UIKit" */ = {
			isa = XCConfigurationList;
			buildConfigurations = (
				73B031292D26B09F0003DB69 /* Debug */,
				73B0312A2D26B09F0003DB69 /* Release */,
			);
			defaultConfigurationIsVisible = 0;
			defaultConfigurationName = Release;
		};
		73B0312D2D26B09F0003DB69 /* Build configuration list for PBXNativeTarget "YOLO-Single-Image-UIKitTests" */ = {
			isa = XCConfigurationList;
			buildConfigurations = (
				73B0312E2D26B09F0003DB69 /* Debug */,
				73B0312F2D26B09F0003DB69 /* Release */,
			);
			defaultConfigurationIsVisible = 0;
			defaultConfigurationName = Release;
		};
		73B031302D26B09F0003DB69 /* Build configuration list for PBXNativeTarget "YOLO-Single-Image-UIKitUITests" */ = {
			isa = XCConfigurationList;
			buildConfigurations = (
				73B031312D26B09F0003DB69 /* Debug */,
				73B031322D26B09F0003DB69 /* Release */,
			);
			defaultConfigurationIsVisible = 0;
			defaultConfigurationName = Release;
		};
/* End XCConfigurationList section */

/* Begin XCLocalSwiftPackageReference section */
		73AA921E2D361FB3002397F9 /* XCLocalSwiftPackageReference "../../../yolo-ios-app" */ = {
			isa = XCLocalSwiftPackageReference;
			relativePath = "../../../yolo-ios-app";
		};
/* End XCLocalSwiftPackageReference section */

/* Begin XCSwiftPackageProductDependency section */
		73AA921F2D361FB3002397F9 /* YOLO */ = {
			isa = XCSwiftPackageProductDependency;
			productName = YOLO;
		};
/* End XCSwiftPackageProductDependency section */
	};
	rootObject = 73B030F72D26B09D0003DB69 /* Project object */;
}
